
Microsoft Visual Studio Solution File, Format Version 12.00
# Visual Studio Version 17
VisualStudioVersion = 17.3.32929.385
MinimumVisualStudioVersion = 10.0.40219.1
Project("{FAE04EC0-301F-11D3-BF4B-00C04F79EFBC}") = "DictionaryPaskaita", "DictionaryPaskaita\DictionaryPaskaita.csproj", "{CC75E1EA-8F2F-4BE2-ADA0-5CA39EA43ACA}"
EndProject
Project("{FAE04EC0-301F-11D3-BF4B-00C04F79EFBC}") = "DictionaryTest", "DictionaryTest\DictionaryTest.csproj", "{A1E9871E-454E-4AAE-8C98-9B142343CD59}"
EndProject
Global
	GlobalSection(SolutionConfigurationPlatforms) = preSolution
		Debug|Any CPU = Debug|Any CPU
		Release|Any CPU = Release|Any CPU
	EndGlobalSection
	GlobalSection(ProjectConfigurationPlatforms) = postSolution
		{CC75E1EA-8F2F-4BE2-ADA0-5CA39EA43ACA}.Debug|Any CPU.ActiveCfg = Debug|Any CPU
		{CC75E1EA-8F2F-4BE2-ADA0-5CA39EA43ACA}.Debug|Any CPU.Build.0 = Debug|Any CPU
		{CC75E1EA-8F2F-4BE2-ADA0-5CA39EA43ACA}.Release|Any CPU.ActiveCfg = Release|Any CPU
		{CC75E1EA-8F2F-4BE2-ADA0-5CA39EA43ACA}.Release|Any CPU.Build.0 = Release|Any CPU
		{A1E9871E-454E-4AAE-8C98-9B142343CD59}.Debug|Any CPU.ActiveCfg = Debug|Any CPU
		{A1E9871E-454E-4AAE-8C98-9B142343CD59}.Debug|Any CPU.Build.0 = Debug|Any CPU
		{A1E9871E-454E-4AAE-8C98-9B142343CD59}.Release|Any CPU.ActiveCfg = Release|Any CPU
		{A1E9871E-454E-4AAE-8C98-9B142343CD59}.Release|Any CPU.Build.0 = Release|Any CPU
	EndGlobalSection
	GlobalSection(SolutionProperties) = preSolution
		HideSolutionNode = FALSE
	EndGlobalSection
	GlobalSection(ExtensibilityGlobals) = postSolution
		SolutionGuid = {34CE5ADA-8A3C-4F73-A223-F7F6EA84A92E}
	EndGlobalSection
EndGlobal
